{
    "version": 3,
    "terraform_version": "0.11.10",
    "serial": 3,
    "lineage": "d3137258-04f9-eba6-a1f6-04d062b61f9c",
    "modules": [
        {
            "path": [
                "root"
            ],
            "outputs": {},
            "resources": {
                "tfe_policy_set.test": {
                    "type": "tfe_policy_set",
                    "depends_on": [
                        "tfe_sentinel_policy.instance_type",
                        "tfe_workspace.test_fail",
                        "tfe_workspace.test_pass"
                    ],
                    "primary": {
                        "id": "polset-DrLzr5Dq1w2sBTVy",
                        "attributes": {
                            "description": "Testing instance-size",
                            "global": "false",
                            "id": "polset-DrLzr5Dq1w2sBTVy",
                            "name": "instance-size-test",
                            "organization": "SentinelTesting",
                            "policy_ids.#": "1",
                            "policy_ids.3650959292": "pol-zpy1xjKDMKGQfKZT",
                            "workspace_external_ids.#": "2",
                            "workspace_external_ids.2180077809": "ws-j3jgkXw7wDcd3fMp",
                            "workspace_external_ids.2918810012": "ws-EXwvHx56xAwdixXw"
                        },
                        "meta": {},
                        "tainted": false
                    },
                    "deposed": [],
                    "provider": "provider.tfe"
                },
                "tfe_sentinel_policy.instance_type": {
                    "type": "tfe_sentinel_policy",
                    "depends_on": [],
                    "primary": {
                        "id": "pol-zpy1xjKDMKGQfKZT",
                        "attributes": {
                            "description": "",
                            "enforce_mode": "hard-mandatory",
                            "id": "pol-zpy1xjKDMKGQfKZT",
                            "name": "instance-size-test",
                            "organization": "SentinelTesting",
                            "policy": "import \"tfplan\"\n\n# Get all AWS instances from all modules\nget_aws_instances = func() {\n    instances = []\n    for tfplan.module_paths as path {\n        instances += values(tfplan.module(path).resources.aws_instance) else []\n    }\n    return instances\n}\n\n# Allowed Types\nallowed_types = [\n  \"t2.small\",\n  \"t2.medium\",\n  \"t2.large\",\n]\n\naws_instances = get_aws_instances()\n\n# Rule to restrict instance types\ninstance_type_allowed = rule {\n    all aws_instances as _, instances {\n      all instances as index, r {\n  \t   r.applied.instance_type in allowed_types\n      }\n    }\n}\n  \n# Main rule that requires other rules to be true\nmain = rule {\n  (instance_type_allowed) else true\n}"
                        },
                        "meta": {},
                        "tainted": false
                    },
                    "deposed": [],
                    "provider": "provider.tfe"
                },
                "tfe_workspace.test_fail": {
                    "type": "tfe_workspace",
                    "depends_on": [],
                    "primary": {
                        "id": "SentinelTesting/instance-size-test-pass",
                        "attributes": {
                            "auto_apply": "true",
                            "external_id": "ws-EXwvHx56xAwdixXw",
                            "id": "SentinelTesting/instance-size-test-pass",
                            "name": "instance-size-test-pass",
                            "organization": "SentinelTesting",
                            "queue_all_runs": "true",
                            "terraform_version": "0.11.10",
                            "vcs_repo.#": "0",
                            "working_directory": ""
                        },
                        "meta": {},
                        "tainted": false
                    },
                    "deposed": [],
                    "provider": "provider.tfe"
                },
                "tfe_workspace.test_pass": {
                    "type": "tfe_workspace",
                    "depends_on": [],
                    "primary": {
                        "id": "SentinelTesting/instance-size-test-fail",
                        "attributes": {
                            "auto_apply": "true",
                            "external_id": "ws-j3jgkXw7wDcd3fMp",
                            "id": "SentinelTesting/instance-size-test-fail",
                            "name": "instance-size-test-fail",
                            "organization": "SentinelTesting",
                            "queue_all_runs": "true",
                            "terraform_version": "0.11.10",
                            "vcs_repo.#": "0",
                            "working_directory": ""
                        },
                        "meta": {},
                        "tainted": false
                    },
                    "deposed": [],
                    "provider": "provider.tfe"
                }
            },
            "depends_on": []
        }
    ]
}
